
Microsoft Visual Studio Solution File, Format Version 12.00
# Visual Studio Version 17
VisualStudioVersion = 17.14.37216.2
MinimumVisualStudioVersion = 10.0.40219.1
Project("{FAE04EC0-301F-11D3-BF4B-00C04F79EFBC}") = "SteamBanningTool", "SteamBanningTool\SteamBanningTool.csproj", "{E5542801-9346-41F2-9589-262F2D2B3ED4}"
EndProject
Global
	GlobalSection(SolutionConfigurationPlatforms) = preSolution
		Debug|Any CPU = Debug|Any CPU
		Release|Any CPU = Release|Any CPU
	EndGlobalSection
	GlobalSection(ProjectConfigurationPlatforms) = postSolution
		{E5542801-9346-41F2-9589-262F2D2B3ED4}.Debug|Any CPU.ActiveCfg = Debug|Any CPU
		{E5542801-9346-41F2-9589-262F2D2B3ED4}.Debug|Any CPU.Build.0 = Debug|Any CPU
		{E5542801-9346-41F2-9589-262F2D2B3ED4}.Release|Any CPU.ActiveCfg = Release|Any CPU
		{E5542801-9346-41F2-9589-262F2D2B3ED4}.Release|Any CPU.Build.0 = Release|Any CPU
	EndGlobalSection
	GlobalSection(SolutionProperties) = preSolution
		HideSolutionNode = FALSE
	EndGlobalSection
	GlobalSection(ExtensibilityGlobals) = postSolution
		SolutionGuid = {2AD728B7-154F-46A2-821E-30DCA4B9037D}
	EndGlobalSection
EndGlobal
